<?xml version="1.0" encoding="utf-8"?>
<Project ToolsVersion="4.0" xmlns="http://schemas.microsoft.com/developer/msbuild/2003">
  <ItemGroup>
    <Filter Include="头文件">
      <UniqueIdentifier>{93995380-89BD-4b04-88EB-625FBE52EBFB}</UniqueIdentifier>
      <Extensions>h;hh;hpp;hxx;hm;inl;inc;xsd</Extensions>
    </Filter>
    <Filter Include="资源文件">
      <UniqueIdentifier>{67DA6AB6-F800-4c08-8B7A-83BB121AAD01}</UniqueIdentifier>
      <Extensions>rc;ico;cur;bmp;dlg;rc2;rct;bin;rgs;gif;jpg;jpeg;jpe;resx;tiff;tif;png;wav;mfcribbon-ms</Extensions>
    </Filter>
    <Filter Include="头文件\SDL2_Renderer">
      <UniqueIdentifier>{ac466076-1c27-4f2b-b58c-84d68337019d}</UniqueIdentifier>
    </Filter>
    <Filter Include="头文件\SDL2_Component">
      <UniqueIdentifier>{1afebfcc-3171-4645-b77c-b65eb856c9b1}</UniqueIdentifier>
    </Filter>
    <Filter Include="头文件\SDL2_Component\SDL2_Image">
      <UniqueIdentifier>{68ebc203-9a92-492c-8e5d-a63aa58df3bf}</UniqueIdentifier>
    </Filter>
    <Filter Include="头文件\SDL2_Package">
      <UniqueIdentifier>{9ef4ac14-bc40-48f1-ba5a-46cd2c0c7c2c}</UniqueIdentifier>
    </Filter>
    <Filter Include="头文件\SDL2_Scene">
      <UniqueIdentifier>{051ef015-33a2-4e82-984d-455424bd4194}</UniqueIdentifier>
    </Filter>
    <Filter Include="头文件\SDL2_Math">
      <UniqueIdentifier>{499b09cf-97fc-4105-9eca-cc5128d52560}</UniqueIdentifier>
    </Filter>
    <Filter Include="头文件\SDL2_Component\SDL2_Button">
      <UniqueIdentifier>{426f1078-6596-4f4e-bade-8ee9acd91401}</UniqueIdentifier>
    </Filter>
    <Filter Include="头文件\SDL2_Component\SDL2_HBox">
      <UniqueIdentifier>{90c1c8d3-3431-43aa-93a5-1b4cd624cc8b}</UniqueIdentifier>
    </Filter>
    <Filter Include="头文件\SDL2_Component\SDL2_VBox">
      <UniqueIdentifier>{9e90060e-0528-4ef9-9748-f5c8666f78dd}</UniqueIdentifier>
    </Filter>
    <Filter Include="头文件\SDL2_Object">
      <UniqueIdentifier>{440ac078-9aa9-46d1-9f27-80e04d2c1eab}</UniqueIdentifier>
    </Filter>
    <Filter Include="头文件\SDL2_SceneManager">
      <UniqueIdentifier>{e8978369-4088-41f5-b1f5-622e5fa142ea}</UniqueIdentifier>
    </Filter>
    <Filter Include="头文件\SDL2_Engine">
      <UniqueIdentifier>{fc0e01fb-571a-40ea-b16b-4a1daba0f849}</UniqueIdentifier>
    </Filter>
    <Filter Include="头文件\SDL2_Material">
      <UniqueIdentifier>{faaaeacc-a8c3-4473-917e-5944cb47fa0a}</UniqueIdentifier>
    </Filter>
    <Filter Include="头文件\SDL2_Gui">
      <UniqueIdentifier>{0cac8f1b-79ed-4488-86b4-7ce06765f5e0}</UniqueIdentifier>
    </Filter>
    <Filter Include="头文件\SDL2_Player">
      <UniqueIdentifier>{37cf3583-e390-4ddb-8f5d-66dce13b1cec}</UniqueIdentifier>
    </Filter>
    <Filter Include="头文件\SDL2_Window">
      <UniqueIdentifier>{74a38d87-831e-4088-a426-d02edefaff06}</UniqueIdentifier>
    </Filter>
    <Filter Include="源文件">
      <UniqueIdentifier>{4FC737F1-C7A5-4376-A066-2A32D752A2FF}</UniqueIdentifier>
      <Extensions>cpp;c;cc;cxx;def;odl;idl;hpj;bat;asm;asmx</Extensions>
    </Filter>
    <Filter Include="源文件\Test">
      <UniqueIdentifier>{f4b908bd-5384-4768-9480-bcd1e62d6423}</UniqueIdentifier>
    </Filter>
    <Filter Include="头文件\SDL2_Draw">
      <UniqueIdentifier>{204b31d2-eef2-416c-8c5d-12687d04c2c1}</UniqueIdentifier>
    </Filter>
    <Filter Include="头文件\SDL2_Material\SDL2_MaterialPicture">
      <UniqueIdentifier>{1475b50f-b36e-4449-880d-f486f58591d3}</UniqueIdentifier>
    </Filter>
    <Filter Include="头文件\SDL2_Object\SDL2_ObjectDraw">
      <UniqueIdentifier>{8da757bb-1e30-430e-84da-d90b9c7a0d72}</UniqueIdentifier>
    </Filter>
    <Filter Include="头文件\SDL2_Object\SDL2_ObjectDraw\SDL2_ObjectSphere">
      <UniqueIdentifier>{66fa8551-9c08-417a-9482-d03bd603bd75}</UniqueIdentifier>
    </Filter>
    <Filter Include="头文件\SDL2_Object\SDL2_ObjectDraw\SDL2_ObjectRectangle">
      <UniqueIdentifier>{85bcbb84-f968-4b90-ba37-974f7eb2af07}</UniqueIdentifier>
    </Filter>
    <Filter Include="头文件\SDL2_Object\SDL2_ObjectDraw\SDL2_ObjectLine">
      <UniqueIdentifier>{f1ba7b0e-f360-42b1-bd7a-cd04b4fc0fbc}</UniqueIdentifier>
    </Filter>
    <Filter Include="头文件\SDL2_Object\SDL2_ObjectDraw\SDL2_ObjectPoint">
      <UniqueIdentifier>{37f3e971-a492-4fc3-95ec-6aaf125e3e6d}</UniqueIdentifier>
    </Filter>
    <Filter Include="头文件\SDL2_Material\SDL2_MateralAnimal">
      <UniqueIdentifier>{8e72d892-44fd-4a41-a002-66c694e0e32a}</UniqueIdentifier>
    </Filter>
    <Filter Include="头文件\SDL2_FontSystem">
      <UniqueIdentifier>{90442529-efdf-4091-82ab-285df32b5d44}</UniqueIdentifier>
    </Filter>
    <Filter Include="头文件\SDL2_Material\SDL2_MaterialText">
      <UniqueIdentifier>{df2acb69-f83c-41b7-b489-b12c913f3579}</UniqueIdentifier>
    </Filter>
    <Filter Include="头文件\SDL2_Component\SDL2_Label">
      <UniqueIdentifier>{10a16a09-fbc8-4796-bc62-81953cb649dc}</UniqueIdentifier>
    </Filter>
    <Filter Include="头文件\SDL2_Component\SDL2_Slider">
      <UniqueIdentifier>{cfaee92f-e90d-42c3-a7f8-0f2479ab7f0c}</UniqueIdentifier>
    </Filter>
    <Filter Include="头文件\SDL2_Component\SDL2_EditLine">
      <UniqueIdentifier>{5871a76a-4a45-4e22-a930-79fee77eb86d}</UniqueIdentifier>
    </Filter>
    <Filter Include="头文件\SDL2_Component\SDL2_CheckBox">
      <UniqueIdentifier>{9b3ba113-867e-4d5e-9e53-e94ea58cf3cb}</UniqueIdentifier>
    </Filter>
    <Filter Include="头文件\SDL2_Component\SDL2_RadioBox">
      <UniqueIdentifier>{e61eeefd-7014-4959-bf27-3214427f6cb2}</UniqueIdentifier>
    </Filter>
    <Filter Include="头文件\SDL2_Component\SDL2_Combox">
      <UniqueIdentifier>{bd10280f-90a2-486b-af3c-a39a1b6895d0}</UniqueIdentifier>
    </Filter>
  </ItemGroup>
  <ItemGroup>
    <ClCompile Include="main.cpp">
      <Filter>源文件</Filter>
    </ClCompile>
    <ClCompile Include="Test.cpp">
      <Filter>源文件\Test</Filter>
    </ClCompile>
    <ClCompile Include="SDL2_Package3\SDL2_Button.cpp">
      <Filter>头文件\SDL2_Component\SDL2_Button</Filter>
    </ClCompile>
    <ClCompile Include="SDL2_Package3\SDL2_Image.cpp">
      <Filter>头文件\SDL2_Component\SDL2_Image</Filter>
    </ClCompile>
    <ClCompile Include="SDL2_Package3\SDL2_Component.cpp">
      <Filter>头文件\SDL2_Component</Filter>
    </ClCompile>
    <ClCompile Include="SDL2_Package3\SDL2_Draw.cpp">
      <Filter>头文件\SDL2_Draw</Filter>
    </ClCompile>
    <ClCompile Include="SDL2_Package3\SDL2_Material.cpp">
      <Filter>头文件\SDL2_Material</Filter>
    </ClCompile>
    <ClCompile Include="SDL2_Package3\SDL2_MaterialPicture.cpp">
      <Filter>头文件\SDL2_Material\SDL2_MaterialPicture</Filter>
    </ClCompile>
    <ClCompile Include="SDL2_Package3\SDL2_Package.cpp">
      <Filter>头文件\SDL2_Package</Filter>
    </ClCompile>
    <ClCompile Include="SDL2_Package3\SDL2_Player.cpp">
      <Filter>头文件\SDL2_Player</Filter>
    </ClCompile>
    <ClCompile Include="SDL2_Package3\SDL2_Renderer.cpp">
      <Filter>头文件\SDL2_Renderer</Filter>
    </ClCompile>
    <ClCompile Include="SDL2_Package3\SDL2_Scene.cpp">
      <Filter>头文件\SDL2_Scene</Filter>
    </ClCompile>
    <ClCompile Include="SDL2_Package3\SDL2_SceneManager.cpp">
      <Filter>头文件\SDL2_SceneManager</Filter>
    </ClCompile>
    <ClCompile Include="SDL2_Package3\SDL2_Window.cpp">
      <Filter>头文件\SDL2_Window</Filter>
    </ClCompile>
    <ClCompile Include="SDL2_Package3\SDL2_Engine.cpp">
      <Filter>头文件\SDL2_Engine</Filter>
    </ClCompile>
    <ClCompile Include="SDL2_Package3\SDL2_Gui.cpp">
      <Filter>头文件\SDL2_Gui</Filter>
    </ClCompile>
    <ClCompile Include="SDL2_Package3\SDL2_Math.cpp">
      <Filter>头文件\SDL2_Math</Filter>
    </ClCompile>
    <ClCompile Include="SDL2_Package3\SDL2_FontSystem.cpp">
      <Filter>头文件\SDL2_FontSystem</Filter>
    </ClCompile>
    <ClCompile Include="SDL2_Package3\SDL2_MaterialText.cpp">
      <Filter>头文件\SDL2_Material\SDL2_MaterialText</Filter>
    </ClCompile>
    <ClCompile Include="SDL2_Package3\SDL2_Label.cpp">
      <Filter>头文件\SDL2_Component\SDL2_Label</Filter>
    </ClCompile>
    <ClCompile Include="SDL2_Package3\SDL2_Slider.cpp">
      <Filter>头文件\SDL2_Component\SDL2_Slider</Filter>
    </ClCompile>
    <ClCompile Include="SDL2_Package3\SDL2_HBox.cpp">
      <Filter>头文件\SDL2_Component\SDL2_HBox</Filter>
    </ClCompile>
    <ClCompile Include="SDL2_Package3\SDL2_VBox.cpp">
      <Filter>头文件\SDL2_Component\SDL2_VBox</Filter>
    </ClCompile>
    <ClCompile Include="SDL2_Package3\SDL2_EditLine.cpp">
      <Filter>头文件\SDL2_Component\SDL2_EditLine</Filter>
    </ClCompile>
    <ClCompile Include="SDL2_Package3\SDL2_CheckBox.cpp">
      <Filter>头文件\SDL2_Component\SDL2_CheckBox</Filter>
    </ClCompile>
    <ClCompile Include="SDL2_Package3\SDL2_Combox.cpp">
      <Filter>头文件\SDL2_Component\SDL2_Combox</Filter>
    </ClCompile>
  </ItemGroup>
  <ItemGroup>
    <ClInclude Include="Test.h">
      <Filter>源文件\Test</Filter>
    </ClInclude>
    <ClInclude Include="SDL2_Package3\SDL2_Button.h">
      <Filter>头文件\SDL2_Component\SDL2_Button</Filter>
    </ClInclude>
    <ClInclude Include="SDL2_Package3\SDL2_HBox.h">
      <Filter>头文件\SDL2_Component\SDL2_HBox</Filter>
    </ClInclude>
    <ClInclude Include="SDL2_Package3\SDL2_Image.h">
      <Filter>头文件\SDL2_Component\SDL2_Image</Filter>
    </ClInclude>
    <ClInclude Include="SDL2_Package3\SDL2_VBox.h">
      <Filter>头文件\SDL2_Component\SDL2_VBox</Filter>
    </ClInclude>
    <ClInclude Include="SDL2_Package3\SDL2_Component.h">
      <Filter>头文件\SDL2_Component</Filter>
    </ClInclude>
    <ClInclude Include="SDL2_Package3\SDL2_Draw.h">
      <Filter>头文件\SDL2_Draw</Filter>
    </ClInclude>
    <ClInclude Include="SDL2_Package3\SDL2_Material.h">
      <Filter>头文件\SDL2_Material</Filter>
    </ClInclude>
    <ClInclude Include="SDL2_Package3\SDL2_MaterialPicture.h">
      <Filter>头文件\SDL2_Material\SDL2_MaterialPicture</Filter>
    </ClInclude>
    <ClInclude Include="SDL2_Package3\SDL2_Package.h">
      <Filter>头文件\SDL2_Package</Filter>
    </ClInclude>
    <ClInclude Include="SDL2_Package3\SDL2_Player.h">
      <Filter>头文件\SDL2_Player</Filter>
    </ClInclude>
    <ClInclude Include="SDL2_Package3\SDL2_Renderer.h">
      <Filter>头文件\SDL2_Renderer</Filter>
    </ClInclude>
    <ClInclude Include="SDL2_Package3\SDL2_Scene.h">
      <Filter>头文件\SDL2_Scene</Filter>
    </ClInclude>
    <ClInclude Include="SDL2_Package3\SDL2_SceneManager.h">
      <Filter>头文件\SDL2_SceneManager</Filter>
    </ClInclude>
    <ClInclude Include="SDL2_Package3\SDL2_Window.h">
      <Filter>头文件\SDL2_Window</Filter>
    </ClInclude>
    <ClInclude Include="SDL2_Package3\SDL2_Engine.h">
      <Filter>头文件\SDL2_Engine</Filter>
    </ClInclude>
    <ClInclude Include="SDL2_Package3\SDL2_Gui.h">
      <Filter>头文件\SDL2_Gui</Filter>
    </ClInclude>
    <ClInclude Include="SDL2_Package3\SDL2_Math.h">
      <Filter>头文件\SDL2_Math</Filter>
    </ClInclude>
    <ClInclude Include="SDL2_Package3\SDL2_FontSystem.h">
      <Filter>头文件\SDL2_FontSystem</Filter>
    </ClInclude>
    <ClInclude Include="SDL2_Package3\SDL2_MaterialText.h">
      <Filter>头文件\SDL2_Material\SDL2_MaterialText</Filter>
    </ClInclude>
    <ClInclude Include="SDL2_Package3\SDL2_Label.h">
      <Filter>头文件\SDL2_Component\SDL2_Label</Filter>
    </ClInclude>
    <ClInclude Include="SDL2_Package3\SDL2_Slider.h">
      <Filter>头文件\SDL2_Component\SDL2_Slider</Filter>
    </ClInclude>
    <ClInclude Include="SDL2_Package3\SDL2_EditLine.h">
      <Filter>头文件\SDL2_Component\SDL2_EditLine</Filter>
    </ClInclude>
    <ClInclude Include="SDL2_Package3\SDL2_CheckBox.h">
      <Filter>头文件\SDL2_Component\SDL2_CheckBox</Filter>
    </ClInclude>
    <ClInclude Include="SDL2_Package3\SDL2_Combox.h">
      <Filter>头文件\SDL2_Component\SDL2_Combox</Filter>
    </ClInclude>
  </ItemGroup>
</Project>